// !$*UTF8*$!
{
	archiveVersion = 1;
	classes = {
	};
	objectVersion = 55;
	objects = {

/* Begin PBXBuildFile section */
		C33EB7202797DF4F00641B73 /* AppDelegate.swift in Sources */ = {isa = PBXBuildFile; fileRef = C33EB71F2797DF4F00641B73 /* AppDelegate.swift */; };
		C33EB7222797DF4F00641B73 /* SceneDelegate.swift in Sources */ = {isa = PBXBuildFile; fileRef = C33EB7212797DF4F00641B73 /* SceneDelegate.swift */; };
		C33EB7242797DF4F00641B73 /* ViewController.swift in Sources */ = {isa = PBXBuildFile; fileRef = C33EB7232797DF4F00641B73 /* ViewController.swift */; };
		C33EB7272797DF4F00641B73 /* Main.storyboard in Resources */ = {isa = PBXBuildFile; fileRef = C33EB7252797DF4F00641B73 /* Main.storyboard */; };
		C33EB7292797DF5000641B73 /* Assets.xcassets in Resources */ = {isa = PBXBuildFile; fileRef = C33EB7282797DF5000641B73 /* Assets.xcassets */; };
		C33EB72C2797DF5000641B73 /* LaunchScreen.storyboard in Resources */ = {isa = PBXBuildFile; fileRef = C33EB72A2797DF5000641B73 /* LaunchScreen.storyboard */; };
		C33EB7372797DF5000641B73 /* LoginDemo1Tests.swift in Sources */ = {isa = PBXBuildFile; fileRef = C33EB7362797DF5000641B73 /* LoginDemo1Tests.swift */; };
		C33EB7412797DF5000641B73 /* LoginDemo1UITests.swift in Sources */ = {isa = PBXBuildFile; fileRef = C33EB7402797DF5000641B73 /* LoginDemo1UITests.swift */; };
		C33EB7432797DF5000641B73 /* LoginDemo1UITestsLaunchTests.swift in Sources */ = {isa = PBXBuildFile; fileRef = C33EB7422797DF5000641B73 /* LoginDemo1UITestsLaunchTests.swift */; };
		C33EB7502797FA3500641B73 /* SignUPViewController.swift in Sources */ = {isa = PBXBuildFile; fileRef = C33EB74F2797FA3500641B73 /* SignUPViewController.swift */; };
		C33EB75227980F9400641B73 /* alluserViewController.swift in Sources */ = {isa = PBXBuildFile; fileRef = C33EB75127980F9400641B73 /* alluserViewController.swift */; };
		C33EB7542798169200641B73 /* extension.swift in Sources */ = {isa = PBXBuildFile; fileRef = C33EB7532798169200641B73 /* extension.swift */; };
		C33EB7562798243600641B73 /* TableCell.swift in Sources */ = {isa = PBXBuildFile; fileRef = C33EB7552798243600641B73 /* TableCell.swift */; };
/* End PBXBuildFile section */

/* Begin PBXContainerItemProxy section */
		C33EB7332797DF5000641B73 /* PBXContainerItemProxy */ = {
			isa = PBXContainerItemProxy;
			containerPortal = C33EB7142797DF4F00641B73 /* Project object */;
			proxyType = 1;
			remoteGlobalIDString = C33EB71B2797DF4F00641B73;
			remoteInfo = LoginDemo1;
		};
		C33EB73D2797DF5000641B73 /* PBXContainerItemProxy */ = {
			isa = PBXContainerItemProxy;
			containerPortal = C33EB7142797DF4F00641B73 /* Project object */;
			proxyType = 1;
			remoteGlobalIDString = C33EB71B2797DF4F00641B73;
			remoteInfo = LoginDemo1;
		};
/* End PBXContainerItemProxy section */

/* Begin PBXFileReference section */
		C33EB71C2797DF4F00641B73 /* LoginDemo1.app */ = {isa = PBXFileReference; explicitFileType = wrapper.application; includeInIndex = 0; path = LoginDemo1.app; sourceTree = BUILT_PRODUCTS_DIR; };
		C33EB71F2797DF4F00641B73 /* AppDelegate.swift */ = {isa = PBXFileReference; lastKnownFileType = sourcecode.swift; path = AppDelegate.swift; sourceTree = "<group>"; };
		C33EB7212797DF4F00641B73 /* SceneDelegate.swift */ = {isa = PBXFileReference; lastKnownFileType = sourcecode.swift; path = SceneDelegate.swift; sourceTree = "<group>"; };
		C33EB7232797DF4F00641B73 /* ViewController.swift */ = {isa = PBXFileReference; lastKnownFileType = sourcecode.swift; path = ViewController.swift; sourceTree = "<group>"; };
		C33EB7262797DF4F00641B73 /* Base */ = {isa = PBXFileReference; lastKnownFileType = file.storyboard; name = Base; path = Base.lproj/Main.storyboard; sourceTree = "<group>"; };
		C33EB7282797DF5000641B73 /* Assets.xcassets */ = {isa = PBXFileReference; lastKnownFileType = folder.assetcatalog; path = Assets.xcassets; sourceTree = "<group>"; };
		C33EB72B2797DF5000641B73 /* Base */ = {isa = PBXFileReference; lastKnownFileType = file.storyboard; name = Base; path = Base.lproj/LaunchScreen.storyboard; sourceTree = "<group>"; };
		C33EB72D2797DF5000641B73 /* Info.plist */ = {isa = PBXFileReference; lastKnownFileType = text.plist.xml; path = Info.plist; sourceTree = "<group>"; };
		C33EB7322797DF5000641B73 /* LoginDemo1Tests.xctest */ = {isa = PBXFileReference; explicitFileType = wrapper.cfbundle; includeInIndex = 0; path = LoginDemo1Tests.xctest; sourceTree = BUILT_PRODUCTS_DIR; };
		C33EB7362797DF5000641B73 /* LoginDemo1Tests.swift */ = {isa = PBXFileReference; lastKnownFileType = sourcecode.swift; path = LoginDemo1Tests.swift; sourceTree = "<group>"; };
		C33EB73C2797DF5000641B73 /* LoginDemo1UITests.xctest */ = {isa = PBXFileReference; explicitFileType = wrapper.cfbundle; includeInIndex = 0; path = LoginDemo1UITests.xctest; sourceTree = BUILT_PRODUCTS_DIR; };
		C33EB7402797DF5000641B73 /* LoginDemo1UITests.swift */ = {isa = PBXFileReference; lastKnownFileType = sourcecode.swift; path = LoginDemo1UITests.swift; sourceTree = "<group>"; };
		C33EB7422797DF5000641B73 /* LoginDemo1UITestsLaunchTests.swift */ = {isa = PBXFileReference; lastKnownFileType = sourcecode.swift; path = LoginDemo1UITestsLaunchTests.swift; sourceTree = "<group>"; };
		C33EB74F2797FA3500641B73 /* SignUPViewController.swift */ = {isa = PBXFileReference; lastKnownFileType = sourcecode.swift; path = SignUPViewController.swift; sourceTree = "<group>"; };
		C33EB75127980F9400641B73 /* alluserViewController.swift */ = {isa = PBXFileReference; lastKnownFileType = sourcecode.swift; path = alluserViewController.swift; sourceTree = "<group>"; };
		C33EB7532798169200641B73 /* extension.swift */ = {isa = PBXFileReference; lastKnownFileType = sourcecode.swift; path = extension.swift; sourceTree = "<group>"; };
		C33EB7552798243600641B73 /* TableCell.swift */ = {isa = PBXFileReference; lastKnownFileType = sourcecode.swift; path = TableCell.swift; sourceTree = "<group>"; };
/* End PBXFileReference section */

/* Begin PBXFrameworksBuildPhase section */
		C33EB7192797DF4F00641B73 /* Frameworks */ = {
			isa = PBXFrameworksBuildPhase;
			buildActionMask = 2147483647;
			files = (
			);
			runOnlyForDeploymentPostprocessing = 0;
		};
		C33EB72F2797DF5000641B73 /* Frameworks */ = {
			isa = PBXFrameworksBuildPhase;
			buildActionMask = 2147483647;
			files = (
			);
			runOnlyForDeploymentPostprocessing = 0;
		};
		C33EB7392797DF5000641B73 /* Frameworks */ = {
			isa = PBXFrameworksBuildPhase;
			buildActionMask = 2147483647;
			files = (
			);
			runOnlyForDeploymentPostprocessing = 0;
		};
/* End PBXFrameworksBuildPhase section */

/* Begin PBXGroup section */
		C33EB7132797DF4F00641B73 = {
			isa = PBXGroup;
			children = (
				C33EB71E2797DF4F00641B73 /* LoginDemo1 */,
				C33EB7352797DF5000641B73 /* LoginDemo1Tests */,
				C33EB73F2797DF5000641B73 /* LoginDemo1UITests */,
				C33EB71D2797DF4F00641B73 /* Products */,
			);
			sourceTree = "<group>";
		};
		C33EB71D2797DF4F00641B73 /* Products */ = {
			isa = PBXGroup;
			children = (
				C33EB71C2797DF4F00641B73 /* LoginDemo1.app */,
				C33EB7322797DF5000641B73 /* LoginDemo1Tests.xctest */,
				C33EB73C2797DF5000641B73 /* LoginDemo1UITests.xctest */,
			);
			name = Products;
			sourceTree = "<group>";
		};
		C33EB71E2797DF4F00641B73 /* LoginDemo1 */ = {
			isa = PBXGroup;
			children = (
				C33EB71F2797DF4F00641B73 /* AppDelegate.swift */,
				C33EB7212797DF4F00641B73 /* SceneDelegate.swift */,
				C33EB75127980F9400641B73 /* alluserViewController.swift */,
				C33EB7232797DF4F00641B73 /* ViewController.swift */,
				C33EB74F2797FA3500641B73 /* SignUPViewController.swift */,
				C33EB7532798169200641B73 /* extension.swift */,
				C33EB7252797DF4F00641B73 /* Main.storyboard */,
				C33EB7282797DF5000641B73 /* Assets.xcassets */,
				C33EB72A2797DF5000641B73 /* LaunchScreen.storyboard */,
				C33EB72D2797DF5000641B73 /* Info.plist */,
				C33EB7552798243600641B73 /* TableCell.swift */,
			);
			path = LoginDemo1;
			sourceTree = "<group>";
		};
		C33EB7352797DF5000641B73 /* LoginDemo1Tests */ = {
			isa = PBXGroup;
			children = (
				C33EB7362797DF5000641B73 /* LoginDemo1Tests.swift */,
			);
			path = LoginDemo1Tests;
			sourceTree = "<group>";
		};
		C33EB73F2797DF5000641B73 /* LoginDemo1UITests */ = {
			isa = PBXGroup;
			children = (
				C33EB7402797DF5000641B73 /* LoginDemo1UITests.swift */,
				C33EB7422797DF5000641B73 /* LoginDemo1UITestsLaunchTests.swift */,
			);
			path = LoginDemo1UITests;
			sourceTree = "<group>";
		};
/* End PBXGroup section */

/* Begin PBXNativeTarget section */
		C33EB71B2797DF4F00641B73 /* LoginDemo1 */ = {
			isa = PBXNativeTarget;
			buildConfigurationList = C33EB7462797DF5000641B73 /* Build configuration list for PBXNativeTarget "LoginDemo1" */;
			buildPhases = (
				C33EB7182797DF4F00641B73 /* Sources */,
				C33EB7192797DF4F00641B73 /* Frameworks */,
				C33EB71A2797DF4F00641B73 /* Resources */,
			);
			buildRules = (
			);
			dependencies = (
			);
			name = LoginDemo1;
			productName = LoginDemo1;
			productReference = C33EB71C2797DF4F00641B73 /* LoginDemo1.app */;
			productType = "com.apple.product-type.application";
		};
		C33EB7312797DF5000641B73 /* LoginDemo1Tests */ = {
			isa = PBXNativeTarget;
			buildConfigurationList = C33EB7492797DF5000641B73 /* Build configuration list for PBXNativeTarget "LoginDemo1Tests" */;
			buildPhases = (
				C33EB72E2797DF5000641B73 /* Sources */,
				C33EB72F2797DF5000641B73 /* Frameworks */,
				C33EB7302797DF5000641B73 /* Resources */,
			);
			buildRules = (
			);
			dependencies = (
				C33EB7342797DF5000641B73 /* PBXTargetDependency */,
			);
			name = LoginDemo1Tests;
			productName = LoginDemo1Tests;
			productReference = C33EB7322797DF5000641B73 /* LoginDemo1Tests.xctest */;
			productType = "com.apple.product-type.bundle.unit-test";
		};
		C33EB73B2797DF5000641B73 /* LoginDemo1UITests */ = {
			isa = PBXNativeTarget;
			buildConfigurationList = C33EB74C2797DF5000641B73 /* Build configuration list for PBXNativeTarget "LoginDemo1UITests" */;
			buildPhases = (
				C33EB7382797DF5000641B73 /* Sources */,
				C33EB7392797DF5000641B73 /* Frameworks */,
				C33EB73A2797DF5000641B73 /* Resources */,
			);
			buildRules = (
			);
			dependencies = (
				C33EB73E2797DF5000641B73 /* PBXTargetDependency */,
			);
			name = LoginDemo1UITests;
			productName = LoginDemo1UITests;
			productReference = C33EB73C2797DF5000641B73 /* LoginDemo1UITests.xctest */;
			productType = "com.apple.product-type.bundle.ui-testing";
		};
/* End PBXNativeTarget section */

/* Begin PBXProject section */
		C33EB7142797DF4F00641B73 /* Project object */ = {
			isa = PBXProject;
			attributes = {
				BuildIndependentTargetsInParallel = 1;
				LastSwiftUpdateCheck = 1300;
				LastUpgradeCheck = 1300;
				TargetAttributes = {
					C33EB71B2797DF4F00641B73 = {
						CreatedOnToolsVersion = 13.0;
					};
					C33EB7312797DF5000641B73 = {
						CreatedOnToolsVersion = 13.0;
						TestTargetID = C33EB71B2797DF4F00641B73;
					};
					C33EB73B2797DF5000641B73 = {
						CreatedOnToolsVersion = 13.0;
						TestTargetID = C33EB71B2797DF4F00641B73;
					};
				};
			};
			buildConfigurationList = C33EB7172797DF4F00641B73 /* Build configuration list for PBXProject "LoginDemo1" */;
			compatibilityVersion = "Xcode 13.0";
			developmentRegion = en;
			hasScannedForEncodings = 0;
			knownRegions = (
				en,
				Base,
			);
			mainGroup = C33EB7132797DF4F00641B73;
			productRefGroup = C33EB71D2797DF4F00641B73 /* Products */;
			projectDirPath = "";
			projectRoot = "";
			targets = (
				C33EB71B2797DF4F00641B73 /* LoginDemo1 */,
				C33EB7312797DF5000641B73 /* LoginDemo1Tests */,
				C33EB73B2797DF5000641B73 /* LoginDemo1UITests */,
			);
		};
/* End PBXProject section */

/* Begin PBXResourcesBuildPhase section */
		C33EB71A2797DF4F00641B73 /* Resources */ = {
			isa = PBXResourcesBuildPhase;
			buildActionMask = 2147483647;
			files = (
				C33EB72C2797DF5000641B73 /* LaunchScreen.storyboard in Resources */,
				C33EB7292797DF5000641B73 /* Assets.xcassets in Resources */,
				C33EB7272797DF4F00641B73 /* Main.storyboard in Resources */,
			);
			runOnlyForDeploymentPostprocessing = 0;
		};
		C33EB7302797DF5000641B73 /* Resources */ = {
			isa = PBXResourcesBuildPhase;
			buildActionMask = 2147483647;
			files = (
			);
			runOnlyForDeploymentPostprocessing = 0;
		};
		C33EB73A2797DF5000641B73 /* Resources */ = {
			isa = PBXResourcesBuildPhase;
			buildActionMask = 2147483647;
			files = (
			);
			runOnlyForDeploymentPostprocessing = 0;
		};
/* End PBXResourcesBuildPhase section */

/* Begin PBXSourcesBuildPhase section */
		C33EB7182797DF4F00641B73 /* Sources */ = {
			isa = PBXSourcesBuildPhase;
			buildActionMask = 2147483647;
			files = (
				C33EB7242797DF4F00641B73 /* ViewController.swift in Sources */,
				C33EB7542798169200641B73 /* extension.swift in Sources */,
				C33EB7202797DF4F00641B73 /* AppDelegate.swift in Sources */,
				C33EB7562798243600641B73 /* TableCell.swift in Sources */,
				C33EB7502797FA3500641B73 /* SignUPViewController.swift in Sources */,
				C33EB75227980F9400641B73 /* alluserViewController.swift in Sources */,
				C33EB7222797DF4F00641B73 /* SceneDelegate.swift in Sources */,
			);
			runOnlyForDeploymentPostprocessing = 0;
		};
		C33EB72E2797DF5000641B73 /* Sources */ = {
			isa = PBXSourcesBuildPhase;
			buildActionMask = 2147483647;
			files = (
				C33EB7372797DF5000641B73 /* LoginDemo1Tests.swift in Sources */,
			);
			runOnlyForDeploymentPostprocessing = 0;
		};
		C33EB7382797DF5000641B73 /* Sources */ = {
			isa = PBXSourcesBuildPhase;
			buildActionMask = 2147483647;
			files = (
				C33EB7412797DF5000641B73 /* LoginDemo1UITests.swift in Sources */,
				C33EB7432797DF5000641B73 /* LoginDemo1UITestsLaunchTests.swift in Sources */,
			);
			runOnlyForDeploymentPostprocessing = 0;
		};
/* End PBXSourcesBuildPhase section */

/* Begin PBXTargetDependency section */
		C33EB7342797DF5000641B73 /* PBXTargetDependency */ = {
			isa = PBXTargetDependency;
			target = C33EB71B2797DF4F00641B73 /* LoginDemo1 */;
			targetProxy = C33EB7332797DF5000641B73 /* PBXContainerItemProxy */;
		};
		C33EB73E2797DF5000641B73 /* PBXTargetDependency */ = {
			isa = PBXTargetDependency;
			target = C33EB71B2797DF4F00641B73 /* LoginDemo1 */;
			targetProxy = C33EB73D2797DF5000641B73 /* PBXContainerItemProxy */;
		};
/* End PBXTargetDependency section */

/* Begin PBXVariantGroup section */
		C33EB7252797DF4F00641B73 /* Main.storyboard */ = {
			isa = PBXVariantGroup;
			children = (
				C33EB7262797DF4F00641B73 /* Base */,
			);
			name = Main.storyboard;
			sourceTree = "<group>";
		};
		C33EB72A2797DF5000641B73 /* LaunchScreen.storyboard */ = {
			isa = PBXVariantGroup;
			children = (
				C33EB72B2797DF5000641B73 /* Base */,
			);
			name = LaunchScreen.storyboard;
			sourceTree = "<group>";
		};
/* End PBXVariantGroup section */

/* Begin XCBuildConfiguration section */
		C33EB7442797DF5000641B73 /* Debug */ = {
			isa = XCBuildConfiguration;
			buildSettings = {
				ALWAYS_SEARCH_USER_PATHS = NO;
				CLANG_ANALYZER_NONNULL = YES;
				CLANG_ANALYZER_NUMBER_OBJECT_CONVERSION = YES_AGGRESSIVE;
				CLANG_CXX_LANGUAGE_STANDARD = "gnu++17";
				CLANG_CXX_LIBRARY = "libc++";
				CLANG_ENABLE_MODULES = YES;
				CLANG_ENABLE_OBJC_ARC = YES;
				CLANG_ENABLE_OBJC_WEAK = YES;
				CLANG_WARN_BLOCK_CAPTURE_AUTORELEASING = YES;
				CLANG_WARN_BOOL_CONVERSION = YES;
				CLANG_WARN_COMMA = YES;
				CLANG_WARN_CONSTANT_CONVERSION = YES;
				CLANG_WARN_DEPRECATED_OBJC_IMPLEMENTATIONS = YES;
				CLANG_WARN_DIRECT_OBJC_ISA_USAGE = YES_ERROR;
				CLANG_WARN_DOCUMENTATION_COMMENTS = YES;
				CLANG_WARN_EMPTY_BODY = YES;
				CLANG_WARN_ENUM_CONVERSION = YES;
				CLANG_WARN_INFINITE_RECURSION = YES;
				CLANG_WARN_INT_CONVERSION = YES;
				CLANG_WARN_NON_LITERAL_NULL_CONVERSION = YES;
				CLANG_WARN_OBJC_IMPLICIT_RETAIN_SELF = YES;
				CLANG_WARN_OBJC_LITERAL_CONVERSION = YES;
				CLANG_WARN_OBJC_ROOT_CLASS = YES_ERROR;
				CLANG_WARN_QUOTED_INCLUDE_IN_FRAMEWORK_HEADER = YES;
				CLANG_WARN_RANGE_LOOP_ANALYSIS = YES;
				CLANG_WARN_STRICT_PROTOTYPES = YES;
				CLANG_WARN_SUSPICIOUS_MOVE = YES;
				CLANG_WARN_UNGUARDED_AVAILABILITY = YES_AGGRESSIVE;
				CLANG_WARN_UNREACHABLE_CODE = YES;
				CLANG_WARN__DUPLICATE_METHOD_MATCH = YES;
				COPY_PHASE_STRIP = NO;
				DEBUG_INFORMATION_FORMAT = dwarf;
				ENABLE_STRICT_OBJC_MSGSEND = YES;
				ENABLE_TESTABILITY = YES;
				GCC_C_LANGUAGE_STANDARD = gnu11;
				GCC_DYNAMIC_NO_PIC = NO;
				GCC_NO_COMMON_BLOCKS = YES;
				GCC_OPTIMIZATION_LEVEL = 0;
				GCC_PREPROCESSOR_DEFINITIONS = (
					"DEBUG=1",
					"$(inherited)",
				);
				GCC_WARN_64_TO_32_BIT_CONVERSION = YES;
				GCC_WARN_ABOUT_RETURN_TYPE = YES_ERROR;
				GCC_WARN_UNDECLARED_SELECTOR = YES;
				GCC_WARN_UNINITIALIZED_AUTOS = YES_AGGRESSIVE;
				GCC_WARN_UNUSED_FUNCTION = YES;
				GCC_WARN_UNUSED_VARIABLE = YES;
				IPHONEOS_DEPLOYMENT_TARGET = 15.0;
				MTL_ENABLE_DEBUG_INFO = INCLUDE_SOURCE;
				MTL_FAST_MATH = YES;
				ONLY_ACTIVE_ARCH = YES;
				SDKROOT = iphoneos;
				SWIFT_ACTIVE_COMPILATION_CONDITIONS = DEBUG;
				SWIFT_OPTIMIZATION_LEVEL = "-Onone";
			};
			name = Debug;
		};
		C33EB7452797DF5000641B73 /* Release */ = {
			isa = XCBuildConfiguration;
			buildSettings = {
				ALWAYS_SEARCH_USER_PATHS = NO;
				CLANG_ANALYZER_NONNULL = YES;
				CLANG_ANALYZER_NUMBER_OBJECT_CONVERSION = YES_AGGRESSIVE;
				CLANG_CXX_LANGUAGE_STANDARD = "gnu++17";
				CLANG_CXX_LIBRARY = "libc++";
				CLANG_ENABLE_MODULES = YES;
				CLANG_ENABLE_OBJC_ARC = YES;
				CLANG_ENABLE_OBJC_WEAK = YES;
				CLANG_WARN_BLOCK_CAPTURE_AUTORELEASING = YES;
				CLANG_WARN_BOOL_CONVERSION = YES;
				CLANG_WARN_COMMA = YES;
				CLANG_WARN_CONSTANT_CONVERSION = YES;
				CLANG_WARN_DEPRECATED_OBJC_IMPLEMENTATIONS = YES;
				CLANG_WARN_DIRECT_OBJC_ISA_USAGE = YES_ERROR;
				CLANG_WARN_DOCUMENTATION_COMMENTS = YES;
				CLANG_WARN_EMPTY_BODY = YES;
				CLANG_WARN_ENUM_CONVERSION = YES;
				CLANG_WARN_INFINITE_RECURSION = YES;
				CLANG_WARN_INT_CONVERSION = YES;
				CLANG_WARN_NON_LITERAL_NULL_CONVERSION = YES;
				CLANG_WARN_OBJC_IMPLICIT_RETAIN_SELF = YES;
				CLANG_WARN_OBJC_LITERAL_CONVERSION = YES;
				CLANG_WARN_OBJC_ROOT_CLASS = YES_ERROR;
				CLANG_WARN_QUOTED_INCLUDE_IN_FRAMEWORK_HEADER = YES;
				CLANG_WARN_RANGE_LOOP_ANALYSIS = YES;
				CLANG_WARN_STRICT_PROTOTYPES = YES;
				CLANG_WARN_SUSPICIOUS_MOVE = YES;
				CLANG_WARN_UNGUARDED_AVAILABILITY = YES_AGGRESSIVE;
				CLANG_WARN_UNREACHABLE_CODE = YES;
				CLANG_WARN__DUPLICATE_METHOD_MATCH = YES;
				COPY_PHASE_STRIP = NO;
				DEBUG_INFORMATION_FORMAT = "dwarf-with-dsym";
				ENABLE_NS_ASSERTIONS = NO;
				ENABLE_STRICT_OBJC_MSGSEND = YES;
				GCC_C_LANGUAGE_STANDARD = gnu11;
				GCC_NO_COMMON_BLOCKS = YES;
				GCC_WARN_64_TO_32_BIT_CONVERSION = YES;
				GCC_WARN_ABOUT_RETURN_TYPE = YES_ERROR;
				GCC_WARN_UNDECLARED_SELECTOR = YES;
				GCC_WARN_UNINITIALIZED_AUTOS = YES_AGGRESSIVE;
				GCC_WARN_UNUSED_FUNCTION = YES;
				GCC_WARN_UNUSED_VARIABLE = YES;
				IPHONEOS_DEPLOYMENT_TARGET = 15.0;
				MTL_ENABLE_DEBUG_INFO = NO;
				MTL_FAST_MATH = YES;
				SDKROOT = iphoneos;
				SWIFT_COMPILATION_MODE = wholemodule;
				SWIFT_OPTIMIZATION_LEVEL = "-O";
				VALIDATE_PRODUCT = YES;
			};
			name = Release;
		};
		C33EB7472797DF5000641B73 /* Debug */ = {
			isa = XCBuildConfiguration;
			buildSettings = {
				ASSETCATALOG_COMPILER_APPICON_NAME = AppIcon;
				ASSETCATALOG_COMPILER_GLOBAL_ACCENT_COLOR_NAME = AccentColor;
				CODE_SIGN_STYLE = Automatic;
				CURRENT_PROJECT_VERSION = 1;
				DEVELOPMENT_TEAM = R8354GBK74;
				GENERATE_INFOPLIST_FILE = YES;
				INFOPLIST_FILE = LoginDemo1/Info.plist;
				INFOPLIST_KEY_UIApplicationSupportsIndirectInputEvents = YES;
				INFOPLIST_KEY_UILaunchStoryboardName = LaunchScreen;
				INFOPLIST_KEY_UIMainStoryboardFile = Main;
				INFOPLIST_KEY_UISupportedInterfaceOrientations_iPad = "UIInterfaceOrientationPortrait UIInterfaceOrientationPortraitUpsideDown UIInterfaceOrientationLandscapeLeft UIInterfaceOrientationLandscapeRight";
				INFOPLIST_KEY_UISupportedInterfaceOrientations_iPhone = "UIInterfaceOrientationPortrait UIInterfaceOrientationLandscapeLeft UIInterfaceOrientationLandscapeRight";
				LD_RUNPATH_SEARCH_PATHS = (
					"$(inherited)",
					"@executable_path/Frameworks",
				);
				MARKETING_VERSION = 1.0;
				PRODUCT_BUNDLE_IDENTIFIER = visilean.LoginDemo1;
				PRODUCT_NAME = "$(TARGET_NAME)";
				SWIFT_EMIT_LOC_STRINGS = YES;
				SWIFT_VERSION = 5.0;
				TARGETED_DEVICE_FAMILY = "1,2";
			};
			name = Debug;
		};
		C33EB7482797DF5000641B73 /* Release */ = {
			isa = XCBuildConfiguration;
			buildSettings = {
				ASSETCATALOG_COMPILER_APPICON_NAME = AppIcon;
				ASSETCATALOG_COMPILER_GLOBAL_ACCENT_COLOR_NAME = AccentColor;
				CODE_SIGN_STYLE = Automatic;
				CURRENT_PROJECT_VERSION = 1;
				DEVELOPMENT_TEAM = R8354GBK74;
				GENERATE_INFOPLIST_FILE = YES;
				INFOPLIST_FILE = LoginDemo1/Info.plist;
				INFOPLIST_KEY_UIApplicationSupportsIndirectInputEvents = YES;
				INFOPLIST_KEY_UILaunchStoryboardName = LaunchScreen;
				INFOPLIST_KEY_UIMainStoryboardFile = Main;
				INFOPLIST_KEY_UISupportedInterfaceOrientations_iPad = "UIInterfaceOrientationPortrait UIInterfaceOrientationPortraitUpsideDown UIInterfaceOrientationLandscapeLeft UIInterfaceOrientationLandscapeRight";
				INFOPLIST_KEY_UISupportedInterfaceOrientations_iPhone = "UIInterfaceOrientationPortrait UIInterfaceOrientationLandscapeLeft UIInterfaceOrientationLandscapeRight";
				LD_RUNPATH_SEARCH_PATHS = (
					"$(inherited)",
					"@executable_path/Frameworks",
				);
				MARKETING_VERSION = 1.0;
				PRODUCT_BUNDLE_IDENTIFIER = visilean.LoginDemo1;
				PRODUCT_NAME = "$(TARGET_NAME)";
				SWIFT_EMIT_LOC_STRINGS = YES;
				SWIFT_VERSION = 5.0;
				TARGETED_DEVICE_FAMILY = "1,2";
			};
			name = Release;
		};
		C33EB74A2797DF5000641B73 /* Debug */ = {
			isa = XCBuildConfiguration;
			buildSettings = {
				ALWAYS_EMBED_SWIFT_STANDARD_LIBRARIES = YES;
				BUNDLE_LOADER = "$(TEST_HOST)";
				CODE_SIGN_STYLE = Automatic;
				CURRENT_PROJECT_VERSION = 1;
				DEVELOPMENT_TEAM = R8354GBK74;
				GENERATE_INFOPLIST_FILE = YES;
				IPHONEOS_DEPLOYMENT_TARGET = 15.0;
				LD_RUNPATH_SEARCH_PATHS = (
					"$(inherited)",
					"@executable_path/Frameworks",
					"@loader_path/Frameworks",
				);
				MARKETING_VERSION = 1.0;
				PRODUCT_BUNDLE_IDENTIFIER = visilean.LoginDemo1Tests;
				PRODUCT_NAME = "$(TARGET_NAME)";
				SWIFT_EMIT_LOC_STRINGS = NO;
				SWIFT_VERSION = 5.0;
				TARGETED_DEVICE_FAMILY = "1,2";
				TEST_HOST = "$(BUILT_PRODUCTS_DIR)/LoginDemo1.app/LoginDemo1";
			};
			name = Debug;
		};
		C33EB74B2797DF5000641B73 /* Release */ = {
			isa = XCBuildConfiguration;
			buildSettings = {
				ALWAYS_EMBED_SWIFT_STANDARD_LIBRARIES = YES;
				BUNDLE_LOADER = "$(TEST_HOST)";
				CODE_SIGN_STYLE = Automatic;
				CURRENT_PROJECT_VERSION = 1;
				DEVELOPMENT_TEAM = R8354GBK74;
				GENERATE_INFOPLIST_FILE = YES;
				IPHONEOS_DEPLOYMENT_TARGET = 15.0;
				LD_RUNPATH_SEARCH_PATHS = (
					"$(inherited)",
					"@executable_path/Frameworks",
					"@loader_path/Frameworks",
				);
				MARKETING_VERSION = 1.0;
				PRODUCT_BUNDLE_IDENTIFIER = visilean.LoginDemo1Tests;
				PRODUCT_NAME = "$(TARGET_NAME)";
				SWIFT_EMIT_LOC_STRINGS = NO;
				SWIFT_VERSION = 5.0;
				TARGETED_DEVICE_FAMILY = "1,2";
				TEST_HOST = "$(BUILT_PRODUCTS_DIR)/LoginDemo1.app/LoginDemo1";
			};
			name = Release;
		};
		C33EB74D2797DF5000641B73 /* Debug */ = {
			isa = XCBuildConfiguration;
			buildSettings = {
				ALWAYS_EMBED_SWIFT_STANDARD_LIBRARIES = YES;
				CODE_SIGN_STYLE = Automatic;
				CURRENT_PROJECT_VERSION = 1;
				DEVELOPMENT_TEAM = R8354GBK74;
				GENERATE_INFOPLIST_FILE = YES;
				LD_RUNPATH_SEARCH_PATHS = (
					"$(inherited)",
					"@executable_path/Frameworks",
					"@loader_path/Frameworks",
				);
				MARKETING_VERSION = 1.0;
				PRODUCT_BUNDLE_IDENTIFIER = visilean.LoginDemo1UITests;
				PRODUCT_NAME = "$(TARGET_NAME)";
				SWIFT_EMIT_LOC_STRINGS = NO;
				SWIFT_VERSION = 5.0;
				TARGETED_DEVICE_FAMILY = "1,2";
				TEST_TARGET_NAME = LoginDemo1;
			};
			name = Debug;
		};
		C33EB74E2797DF5000641B73 /* Release */ = {
			isa = XCBuildConfiguration;
			buildSettings = {
				ALWAYS_EMBED_SWIFT_STANDARD_LIBRARIES = YES;
				CODE_SIGN_STYLE = Automatic;
				CURRENT_PROJECT_VERSION = 1;
				DEVELOPMENT_TEAM = R8354GBK74;
				GENERATE_INFOPLIST_FILE = YES;
				LD_RUNPATH_SEARCH_PATHS = (
					"$(inherited)",
					"@executable_path/Frameworks",
					"@loader_path/Frameworks",
				);
				MARKETING_VERSION = 1.0;
				PRODUCT_BUNDLE_IDENTIFIER = visilean.LoginDemo1UITests;
				PRODUCT_NAME = "$(TARGET_NAME)";
				SWIFT_EMIT_LOC_STRINGS = NO;
				SWIFT_VERSION = 5.0;
				TARGETED_DEVICE_FAMILY = "1,2";
				TEST_TARGET_NAME = LoginDemo1;
			};
			name = Release;
		};
/* End XCBuildConfiguration section */

/* Begin XCConfigurationList section */
		C33EB7172797DF4F00641B73 /* Build configuration list for PBXProject "LoginDemo1" */ = {
			isa = XCConfigurationList;
			buildConfigurations = (
				C33EB7442797DF5000641B73 /* Debug */,
				C33EB7452797DF5000641B73 /* Release */,
			);
			defaultConfigurationIsVisible = 0;
			defaultConfigurationName = Release;
		};
		C33EB7462797DF5000641B73 /* Build configuration list for PBXNativeTarget "LoginDemo1" */ = {
			isa = XCConfigurationList;
			buildConfigurations = (
				C33EB7472797DF5000641B73 /* Debug */,
				C33EB7482797DF5000641B73 /* Release */,
			);
			defaultConfigurationIsVisible = 0;
			defaultConfigurationName = Release;
		};
		C33EB7492797DF5000641B73 /* Build configuration list for PBXNativeTarget "LoginDemo1Tests" */ = {
			isa = XCConfigurationList;
			buildConfigurations = (
				C33EB74A2797DF5000641B73 /* Debug */,
				C33EB74B2797DF5000641B73 /* Release */,
			);
			defaultConfigurationIsVisible = 0;
			defaultConfigurationName = Release;
		};
		C33EB74C2797DF5000641B73 /* Build configuration list for PBXNativeTarget "LoginDemo1UITests" */ = {
			isa = XCConfigurationList;
			buildConfigurations = (
				C33EB74D2797DF5000641B73 /* Debug */,
				C33EB74E2797DF5000641B73 /* Release */,
			);
			defaultConfigurationIsVisible = 0;
			defaultConfigurationName = Release;
		};
/* End XCConfigurationList section */
	};
	rootObject = C33EB7142797DF4F00641B73 /* Project object */;
}
